# This file is generated by running "yarn install" inside your project.
# Manual changes might be lost - proceed with caution!

__metadata:
  version: 6
  cacheKey: 8

"Welcome-page@workspace:.":
  version: 0.0.0-use.local
  resolution: "Welcome-page@workspace:."
  dependencies:
    babylonjs: ^6.7.0
    typescript: ^5.1.3
  languageName: unknown
  linkType: soft

"babylonjs@npm:^6.7.0":
  version: 6.7.0
  resolution: "babylonjs@npm:6.7.0"
  checksum: 7ebf50a691ed417b2d8428c4d827e05d0ed9de2dff1757b448302e4a238d1f4404fcf2b0121d8d83fa43008ca7c8fb86813d106d4b12f371d4f9881367794d28
  languageName: node
  linkType: hard

"typescript@npm:^5.1.3":
  version: 5.1.3
  resolution: "typescript@npm:5.1.3"
  bin:
    tsc: bin/tsc
    tsserver: bin/tsserver
  checksum: d9d51862d98efa46534f2800a1071a613751b1585dc78884807d0c179bcd93d6e9d4012a508e276742f5f33c480adefc52ffcafaf9e0e00ab641a14cde9a31c7
  languageName: node
  linkType: hard

"typescript@patch:typescript@^5.1.3#~builtin<compat/typescript>":
  version: 5.1.3
  resolution: "typescript@patch:typescript@npm%3A5.1.3#~builtin<compat/typescript>::version=5.1.3&hash=5da071"
  bin:
    tsc: bin/tsc
    tsserver: bin/tsserver
  checksum: 6f0a9dca6bf4ce9dcaf4e282aade55ef4c56ecb5fb98d0a4a5c0113398815aea66d871b5611e83353e5953a19ed9ef103cf5a76ac0f276d550d1e7cd5344f61e
  languageName: node
  linkType: hard
